{
  "version": 1,
  "dependencies": {
    "net10.0-windows7.0": {
      "DalamudPackager": {
        "type": "Direct",
        "requested": "[15.0.0, )",
        "resolved": "15.0.0",
        "contentHash": "411vwC8/X8Z/sQ2TI6v3SvOn66xFPeOjFn3Zn+h0d3Ox2t1kFm66AhDvmx/qcMwVrR+Hidxj0dadpQ2dgyXMBQ=="
      },
      "DotNet.ReproducibleBuilds": {
        "type": "Direct",
        "requested": "[1.2.39, )",
        "resolved": "1.2.39",
        "contentHash": "fcFN01tDTIQqDuTwr1jUQK/geofiwjG5DycJQOnC72i1SsLAk1ELe+apBOuZ11UMQG8YKFZG1FgvjZPbqHyatg=="
      },
      "NAudio.Wasapi": {
        "type": "Direct",
        "requested": "[2.3.0, )",
        "resolved": "2.3.0",
        "contentHash": "y5K2BxrLnvohgu5znzg5wRsai3YcuNXfrpo68i7PmCQqpK5MC/R24e5aO3OyN/XhfRr12e0QYV0OnUWEHi5SzA==",
        "dependencies": {
          "NAudio.Core": "2.3.0"
        }
      },
      "VideoLAN.LibVLC.Windows": {
        "type": "Direct",
        "requested": "[3.0.21, )",
        "resolved": "3.0.21",
        "contentHash": "1b1yjZPIzS2+s6YZv9Z5Co/q2srIvo03ZToPvZblWreeyeFGkLDwX7WZat8AxCB9uMQV6VUnms67SgQqko7Z0w=="
      },
      "LibVLCSharp": {
        "type": "Transitive",
        "resolved": "3.9.4",
        "contentHash": "SmapcnMarT7eoiZeSIq0UhTrK/fdw+NDodfMft/S4Bnqlnz98zYtaAsQ3fO9U+O2KZKrOOf0R3jONUEShpjK4g=="
      },
      "NAudio.Core": {
        "type": "Transitive",
        "resolved": "2.3.0",
        "contentHash": "jMd7r6dB6tAtXhOYL58ntPqwERNm1/Rhw5MKOIYvsnXzuX+PTGsa2VMam6n0npZYSwlSidKa4GAm4bFcXFUlcg=="
      },
      "aetherstream.core": {
        "type": "Project"
      },
      "aetherstream.playback": {
        "type": "Project",
        "dependencies": {
          "Aetherstream.Core": "[1.0.0, )",
          "LibVLCSharp": "[3.9.4, )"
        }
      }
    }
  }
}